
Microsoft Visual Studio Solution File, Format Version 12.00
# Visual Studio Version 17
VisualStudioVersion = 17.14.36401.2 d17.14
MinimumVisualStudioVersion = 10.0.40219.1
Project("{FAE04EC0-301F-11D3-BF4B-00C04F79EFBC}") = "ADO.NET Code - Get ALL Contacts", "ADO.NET Code - Get ALL Contacts\ADO.NET Code - Get ALL Contacts.csproj", "{0C8E8F31-CCCB-47FF-9E81-2EF7A817B7BE}"
EndProject
Global
	GlobalSection(SolutionConfigurationPlatforms) = preSolution
		Debug|Any CPU = Debug|Any CPU
		Release|Any CPU = Release|Any CPU
	EndGlobalSection
	GlobalSection(ProjectConfigurationPlatforms) = postSolution
		{0C8E8F31-CCCB-47FF-9E81-2EF7A817B7BE}.Debug|Any CPU.ActiveCfg = Debug|Any CPU
		{0C8E8F31-CCCB-47FF-9E81-2EF7A817B7BE}.Debug|Any CPU.Build.0 = Debug|Any CPU
		{0C8E8F31-CCCB-47FF-9E81-2EF7A817B7BE}.Release|Any CPU.ActiveCfg = Release|Any CPU
		{0C8E8F31-CCCB-47FF-9E81-2EF7A817B7BE}.Release|Any CPU.Build.0 = Release|Any CPU
	EndGlobalSection
	GlobalSection(SolutionProperties) = preSolution
		HideSolutionNode = FALSE
	EndGlobalSection
	GlobalSection(ExtensibilityGlobals) = postSolution
		SolutionGuid = {352B6DBD-CC1D-4912-90E8-C8BE7EFC9C3E}
	EndGlobalSection
EndGlobal
