
Microsoft Visual Studio Solution File, Format Version 12.00
# Visual Studio Version 17
VisualStudioVersion = 17.14.36401.2 d17.14
MinimumVisualStudioVersion = 10.0.40219.1
Project("{FAE04EC0-301F-11D3-BF4B-00C04F79EFBC}") = "10 Handle In Statement", "10 Handle In Statement\10 Handle In Statement.csproj", "{700E8C8A-21E2-4F26-934A-2175161318B6}"
EndProject
Global
	GlobalSection(SolutionConfigurationPlatforms) = preSolution
		Debug|Any CPU = Debug|Any CPU
		Release|Any CPU = Release|Any CPU
	EndGlobalSection
	GlobalSection(ProjectConfigurationPlatforms) = postSolution
		{700E8C8A-21E2-4F26-934A-2175161318B6}.Debug|Any CPU.ActiveCfg = Debug|Any CPU
		{700E8C8A-21E2-4F26-934A-2175161318B6}.Debug|Any CPU.Build.0 = Debug|Any CPU
		{700E8C8A-21E2-4F26-934A-2175161318B6}.Release|Any CPU.ActiveCfg = Release|Any CPU
		{700E8C8A-21E2-4F26-934A-2175161318B6}.Release|Any CPU.Build.0 = Release|Any CPU
	EndGlobalSection
	GlobalSection(SolutionProperties) = preSolution
		HideSolutionNode = FALSE
	EndGlobalSection
	GlobalSection(ExtensibilityGlobals) = postSolution
		SolutionGuid = {F3DA939F-37ED-4CE8-8E37-3A7D36B6E7BA}
	EndGlobalSection
EndGlobal
